
Microsoft Visual Studio Solution File, Format Version 12.00
# Visual Studio Version 17
VisualStudioVersion = 17.2.32630.192
MinimumVisualStudioVersion = 10.0.40219.1
Project("{9A19103F-16F7-4668-BE54-9A1E7A4F7556}") = "F10Y.L0021.Construction", "F10Y.L0021.Construction\F10Y.L0021.Construction.csproj", "{16296336-BD06-41CD-9FDD-1CA51C74C703}"
EndProject
Project("{9A19103F-16F7-4668-BE54-9A1E7A4F7556}") = "F10Y.L0021", "F10Y.L0021\F10Y.L0021.csproj", "{A913C8C8-A8FA-4827-95CA-578A4F370466}"
EndProject
Project("{2150E333-8FDC-42A3-9474-1A3956D46DE8}") = "_Dependencies", "_Dependencies", "{955847E0-AB00-4113-86F3-AB330AED4BB9}"
EndProject
Project("{9A19103F-16F7-4668-BE54-9A1E7A4F7556}") = "F10Y.L0000", "..\..\F10Y.L0000\source\F10Y.L0000\F10Y.L0000.csproj", "{8DC74353-89C1-4E40-BD06-D5614C83A329}"
EndProject
Project("{9A19103F-16F7-4668-BE54-9A1E7A4F7556}") = "F10Y.L0020", "..\..\F10Y.L0020\source\F10Y.L0020\F10Y.L0020.csproj", "{C2F1DD92-2B99-4E1E-9DD8-7706E74BA584}"
EndProject
Project("{9A19103F-16F7-4668-BE54-9A1E7A4F7556}") = "F10Y.T0000", "..\..\F10Y.T0000\source\F10Y.T0000\F10Y.T0000.csproj", "{B67BBCC0-839F-4BBF-A05A-F416AF393851}"
EndProject
Project("{9A19103F-16F7-4668-BE54-9A1E7A4F7556}") = "F10Y.T0001", "..\..\F10Y.T0001\source\F10Y.T0001\F10Y.T0001.csproj", "{FED82EEA-CB5C-4C81-B0C5-F98D5C1B6E88}"
EndProject
Project("{9A19103F-16F7-4668-BE54-9A1E7A4F7556}") = "F10Y.T0002", "..\..\F10Y.T0002\source\F10Y.T0002\F10Y.T0002.csproj", "{5D16E311-05F8-45B4-BC34-EC1421DE4370}"
EndProject
Project("{9A19103F-16F7-4668-BE54-9A1E7A4F7556}") = "F10Y.T0003", "..\..\F10Y.T0003\source\F10Y.T0003\F10Y.T0003.csproj", "{1D9E25B8-31F7-4CF0-BB98-D6C60B46D845}"
EndProject
Project("{9A19103F-16F7-4668-BE54-9A1E7A4F7556}") = "F10Y.T0004", "..\..\F10Y.T0004\source\F10Y.T0004\F10Y.T0004.csproj", "{0B9F98E5-57AC-4FF2-84CE-4398196A0E5F}"
EndProject
Project("{9A19103F-16F7-4668-BE54-9A1E7A4F7556}") = "F10Y.T0011", "..\..\F10Y.T0011\source\F10Y.T0011\F10Y.T0011.csproj", "{48B25768-B3E2-4D35-92F1-7E1E304202FD}"
EndProject
Project("{9A19103F-16F7-4668-BE54-9A1E7A4F7556}") = "F10Y.Y0000", "..\..\F10Y.Y0000\source\F10Y.Y0000\F10Y.Y0000.csproj", "{67FF7D05-29F1-48E5-9FFF-A174BBACFCB2}"
EndProject
Project("{9A19103F-16F7-4668-BE54-9A1E7A4F7556}") = "F10Y.L0021.Q000", "F10Y.L0021.Q000\F10Y.L0021.Q000.csproj", "{4D5B7B1C-B7EC-4065-B82B-8DC679A344A6}"
EndProject
Project("{9A19103F-16F7-4668-BE54-9A1E7A4F7556}") = "F10Y.T0006", "..\..\F10Y.T0006\source\F10Y.T0006\F10Y.T0006.csproj", "{E6F25725-7E3C-4B3B-9923-02F92C493C6A}"
EndProject
Project("{9A19103F-16F7-4668-BE54-9A1E7A4F7556}") = "F10Y.L0019", "..\..\F10Y.L0019\source\F10Y.L0019\F10Y.L0019.csproj", "{9A9B4A8D-412E-4BBD-ABC3-69C7ACDA0FC6}"
EndProject
Project("{9A19103F-16F7-4668-BE54-9A1E7A4F7556}") = "F10Y.L0004", "..\..\F10Y.L0004\source\F10Y.L0004\F10Y.L0004.csproj", "{D5D7AD3C-FF79-4825-A246-32DB41EE4463}"
EndProject
Project("{9A19103F-16F7-4668-BE54-9A1E7A4F7556}") = "F10Y.L0005", "..\..\F10Y.L0005\source\F10Y.L0005\F10Y.L0005.csproj", "{097279E2-56B4-4879-BE04-966B66C831F1}"
EndProject
Global
	GlobalSection(NestedProjects) = preSolution
		{8DC74353-89C1-4E40-BD06-D5614C83A329} = {955847E0-AB00-4113-86F3-AB330AED4BB9}
		{C2F1DD92-2B99-4E1E-9DD8-7706E74BA584} = {955847E0-AB00-4113-86F3-AB330AED4BB9}
		{B67BBCC0-839F-4BBF-A05A-F416AF393851} = {955847E0-AB00-4113-86F3-AB330AED4BB9}
		{FED82EEA-CB5C-4C81-B0C5-F98D5C1B6E88} = {955847E0-AB00-4113-86F3-AB330AED4BB9}
		{5D16E311-05F8-45B4-BC34-EC1421DE4370} = {955847E0-AB00-4113-86F3-AB330AED4BB9}
		{1D9E25B8-31F7-4CF0-BB98-D6C60B46D845} = {955847E0-AB00-4113-86F3-AB330AED4BB9}
		{0B9F98E5-57AC-4FF2-84CE-4398196A0E5F} = {955847E0-AB00-4113-86F3-AB330AED4BB9}
		{48B25768-B3E2-4D35-92F1-7E1E304202FD} = {955847E0-AB00-4113-86F3-AB330AED4BB9}
		{67FF7D05-29F1-48E5-9FFF-A174BBACFCB2} = {955847E0-AB00-4113-86F3-AB330AED4BB9}
		{E6F25725-7E3C-4B3B-9923-02F92C493C6A} = {955847E0-AB00-4113-86F3-AB330AED4BB9}
		{9A9B4A8D-412E-4BBD-ABC3-69C7ACDA0FC6} = {955847E0-AB00-4113-86F3-AB330AED4BB9}
		{D5D7AD3C-FF79-4825-A246-32DB41EE4463} = {955847E0-AB00-4113-86F3-AB330AED4BB9}
		{097279E2-56B4-4879-BE04-966B66C831F1} = {955847E0-AB00-4113-86F3-AB330AED4BB9}
	EndGlobalSection
	GlobalSection(SolutionConfigurationPlatforms) = preSolution
		Debug|Any CPU = Debug|Any CPU
		Release|Any CPU = Release|Any CPU
	EndGlobalSection
	GlobalSection(ProjectConfigurationPlatforms) = postSolution
		{16296336-BD06-41CD-9FDD-1CA51C74C703}.Debug|Any CPU.ActiveCfg = Debug|Any CPU
		{16296336-BD06-41CD-9FDD-1CA51C74C703}.Debug|Any CPU.Build.0 = Debug|Any CPU
		{16296336-BD06-41CD-9FDD-1CA51C74C703}.Release|Any CPU.ActiveCfg = Release|Any CPU
		{16296336-BD06-41CD-9FDD-1CA51C74C703}.Release|Any CPU.Build.0 = Release|Any CPU
		{A913C8C8-A8FA-4827-95CA-578A4F370466}.Debug|Any CPU.ActiveCfg = Debug|Any CPU
		{A913C8C8-A8FA-4827-95CA-578A4F370466}.Debug|Any CPU.Build.0 = Debug|Any CPU
		{A913C8C8-A8FA-4827-95CA-578A4F370466}.Release|Any CPU.ActiveCfg = Release|Any CPU
		{A913C8C8-A8FA-4827-95CA-578A4F370466}.Release|Any CPU.Build.0 = Release|Any CPU
		{8DC74353-89C1-4E40-BD06-D5614C83A329}.Debug|Any CPU.ActiveCfg = Debug|Any CPU
		{8DC74353-89C1-4E40-BD06-D5614C83A329}.Debug|Any CPU.Build.0 = Debug|Any CPU
		{8DC74353-89C1-4E40-BD06-D5614C83A329}.Release|Any CPU.ActiveCfg = Release|Any CPU
		{8DC74353-89C1-4E40-BD06-D5614C83A329}.Release|Any CPU.Build.0 = Release|Any CPU
		{C2F1DD92-2B99-4E1E-9DD8-7706E74BA584}.Debug|Any CPU.ActiveCfg = Debug|Any CPU
		{C2F1DD92-2B99-4E1E-9DD8-7706E74BA584}.Debug|Any CPU.Build.0 = Debug|Any CPU
		{C2F1DD92-2B99-4E1E-9DD8-7706E74BA584}.Release|Any CPU.ActiveCfg = Release|Any CPU
		{C2F1DD92-2B99-4E1E-9DD8-7706E74BA584}.Release|Any CPU.Build.0 = Release|Any CPU
		{B67BBCC0-839F-4BBF-A05A-F416AF393851}.Debug|Any CPU.ActiveCfg = Debug|Any CPU
		{B67BBCC0-839F-4BBF-A05A-F416AF393851}.Debug|Any CPU.Build.0 = Debug|Any CPU
		{B67BBCC0-839F-4BBF-A05A-F416AF393851}.Release|Any CPU.ActiveCfg = Release|Any CPU
		{B67BBCC0-839F-4BBF-A05A-F416AF393851}.Release|Any CPU.Build.0 = Release|Any CPU
		{FED82EEA-CB5C-4C81-B0C5-F98D5C1B6E88}.Debug|Any CPU.ActiveCfg = Debug|Any CPU
		{FED82EEA-CB5C-4C81-B0C5-F98D5C1B6E88}.Debug|Any CPU.Build.0 = Debug|Any CPU
		{FED82EEA-CB5C-4C81-B0C5-F98D5C1B6E88}.Release|Any CPU.ActiveCfg = Release|Any CPU
		{FED82EEA-CB5C-4C81-B0C5-F98D5C1B6E88}.Release|Any CPU.Build.0 = Release|Any CPU
		{5D16E311-05F8-45B4-BC34-EC1421DE4370}.Debug|Any CPU.ActiveCfg = Debug|Any CPU
		{5D16E311-05F8-45B4-BC34-EC1421DE4370}.Debug|Any CPU.Build.0 = Debug|Any CPU
		{5D16E311-05F8-45B4-BC34-EC1421DE4370}.Release|Any CPU.ActiveCfg = Release|Any CPU
		{5D16E311-05F8-45B4-BC34-EC1421DE4370}.Release|Any CPU.Build.0 = Release|Any CPU
		{1D9E25B8-31F7-4CF0-BB98-D6C60B46D845}.Debug|Any CPU.ActiveCfg = Debug|Any CPU
		{1D9E25B8-31F7-4CF0-BB98-D6C60B46D845}.Debug|Any CPU.Build.0 = Debug|Any CPU
		{1D9E25B8-31F7-4CF0-BB98-D6C60B46D845}.Release|Any CPU.ActiveCfg = Release|Any CPU
		{1D9E25B8-31F7-4CF0-BB98-D6C60B46D845}.Release|Any CPU.Build.0 = Release|Any CPU
		{0B9F98E5-57AC-4FF2-84CE-4398196A0E5F}.Debug|Any CPU.ActiveCfg = Debug|Any CPU
		{0B9F98E5-57AC-4FF2-84CE-4398196A0E5F}.Debug|Any CPU.Build.0 = Debug|Any CPU
		{0B9F98E5-57AC-4FF2-84CE-4398196A0E5F}.Release|Any CPU.ActiveCfg = Release|Any CPU
		{0B9F98E5-57AC-4FF2-84CE-4398196A0E5F}.Release|Any CPU.Build.0 = Release|Any CPU
		{48B25768-B3E2-4D35-92F1-7E1E304202FD}.Debug|Any CPU.ActiveCfg = Debug|Any CPU
		{48B25768-B3E2-4D35-92F1-7E1E304202FD}.Debug|Any CPU.Build.0 = Debug|Any CPU
		{48B25768-B3E2-4D35-92F1-7E1E304202FD}.Release|Any CPU.ActiveCfg = Release|Any CPU
		{48B25768-B3E2-4D35-92F1-7E1E304202FD}.Release|Any CPU.Build.0 = Release|Any CPU
		{67FF7D05-29F1-48E5-9FFF-A174BBACFCB2}.Debug|Any CPU.ActiveCfg = Debug|Any CPU
		{67FF7D05-29F1-48E5-9FFF-A174BBACFCB2}.Debug|Any CPU.Build.0 = Debug|Any CPU
		{67FF7D05-29F1-48E5-9FFF-A174BBACFCB2}.Release|Any CPU.ActiveCfg = Release|Any CPU
		{67FF7D05-29F1-48E5-9FFF-A174BBACFCB2}.Release|Any CPU.Build.0 = Release|Any CPU
		{4D5B7B1C-B7EC-4065-B82B-8DC679A344A6}.Debug|Any CPU.ActiveCfg = Debug|Any CPU
		{4D5B7B1C-B7EC-4065-B82B-8DC679A344A6}.Debug|Any CPU.Build.0 = Debug|Any CPU
		{4D5B7B1C-B7EC-4065-B82B-8DC679A344A6}.Release|Any CPU.ActiveCfg = Release|Any CPU
		{4D5B7B1C-B7EC-4065-B82B-8DC679A344A6}.Release|Any CPU.Build.0 = Release|Any CPU
		{E6F25725-7E3C-4B3B-9923-02F92C493C6A}.Debug|Any CPU.ActiveCfg = Debug|Any CPU
		{E6F25725-7E3C-4B3B-9923-02F92C493C6A}.Debug|Any CPU.Build.0 = Debug|Any CPU
		{E6F25725-7E3C-4B3B-9923-02F92C493C6A}.Release|Any CPU.ActiveCfg = Release|Any CPU
		{E6F25725-7E3C-4B3B-9923-02F92C493C6A}.Release|Any CPU.Build.0 = Release|Any CPU
		{9A9B4A8D-412E-4BBD-ABC3-69C7ACDA0FC6}.Debug|Any CPU.ActiveCfg = Debug|Any CPU
		{9A9B4A8D-412E-4BBD-ABC3-69C7ACDA0FC6}.Debug|Any CPU.Build.0 = Debug|Any CPU
		{9A9B4A8D-412E-4BBD-ABC3-69C7ACDA0FC6}.Release|Any CPU.ActiveCfg = Release|Any CPU
		{9A9B4A8D-412E-4BBD-ABC3-69C7ACDA0FC6}.Release|Any CPU.Build.0 = Release|Any CPU
		{D5D7AD3C-FF79-4825-A246-32DB41EE4463}.Debug|Any CPU.ActiveCfg = Debug|Any CPU
		{D5D7AD3C-FF79-4825-A246-32DB41EE4463}.Debug|Any CPU.Build.0 = Debug|Any CPU
		{D5D7AD3C-FF79-4825-A246-32DB41EE4463}.Release|Any CPU.ActiveCfg = Release|Any CPU
		{D5D7AD3C-FF79-4825-A246-32DB41EE4463}.Release|Any CPU.Build.0 = Release|Any CPU
		{097279E2-56B4-4879-BE04-966B66C831F1}.Debug|Any CPU.ActiveCfg = Debug|Any CPU
		{097279E2-56B4-4879-BE04-966B66C831F1}.Debug|Any CPU.Build.0 = Debug|Any CPU
		{097279E2-56B4-4879-BE04-966B66C831F1}.Release|Any CPU.ActiveCfg = Release|Any CPU
		{097279E2-56B4-4879-BE04-966B66C831F1}.Release|Any CPU.Build.0 = Release|Any CPU
	EndGlobalSection
	GlobalSection(SolutionProperties) = preSolution
		HideSolutionNode = FALSE
	EndGlobalSection
	GlobalSection(ExtensibilityGlobals) = postSolution
		SolutionGuid = {0A46102A-83B7-4CC3-973E-838D370F1E79}
	EndGlobalSection
EndGlobal
