
Microsoft Visual Studio Solution File, Format Version 12.00
# Visual Studio Version 17
VisualStudioVersion = 17.2.32630.192
MinimumVisualStudioVersion = 10.0.40219.1
Project("{9A19103F-16F7-4668-BE54-9A1E7A4F7556}") = "F10Y.L0021", "F10Y.L0021\F10Y.L0021.csproj", "{9748946E-BCAF-467F-99F1-4C20A9DBD416}"
EndProject
Project("{2150E333-8FDC-42A3-9474-1A3956D46DE8}") = "_Dependencies", "_Dependencies", "{EF3C07F0-ABA0-44DE-A0A6-85C3CF438FD7}"
EndProject
Project("{9A19103F-16F7-4668-BE54-9A1E7A4F7556}") = "F10Y.L0000", "..\..\F10Y.L0000\source\F10Y.L0000\F10Y.L0000.csproj", "{9391BD00-DE5B-4EA9-BBF0-E987EC1B0AF3}"
EndProject
Project("{9A19103F-16F7-4668-BE54-9A1E7A4F7556}") = "F10Y.L0020", "..\..\F10Y.L0020\source\F10Y.L0020\F10Y.L0020.csproj", "{8DD515E4-672E-49E6-B1DB-17ABF3AD098A}"
EndProject
Project("{9A19103F-16F7-4668-BE54-9A1E7A4F7556}") = "F10Y.T0000", "..\..\F10Y.T0000\source\F10Y.T0000\F10Y.T0000.csproj", "{68CCA20B-545E-4CC5-8511-D63A078B477E}"
EndProject
Project("{9A19103F-16F7-4668-BE54-9A1E7A4F7556}") = "F10Y.T0001", "..\..\F10Y.T0001\source\F10Y.T0001\F10Y.T0001.csproj", "{579F03EB-F6AE-4964-B816-E1A3376DF75F}"
EndProject
Project("{9A19103F-16F7-4668-BE54-9A1E7A4F7556}") = "F10Y.T0002", "..\..\F10Y.T0002\source\F10Y.T0002\F10Y.T0002.csproj", "{52B8BE40-61E5-4BBE-AC1E-163BD7C44812}"
EndProject
Project("{9A19103F-16F7-4668-BE54-9A1E7A4F7556}") = "F10Y.T0003", "..\..\F10Y.T0003\source\F10Y.T0003\F10Y.T0003.csproj", "{859EBCC9-B9A5-4A29-8F3E-908FB9005F71}"
EndProject
Project("{9A19103F-16F7-4668-BE54-9A1E7A4F7556}") = "F10Y.T0004", "..\..\F10Y.T0004\source\F10Y.T0004\F10Y.T0004.csproj", "{8D096069-6D60-4DA6-94F8-4FC88E0F16FF}"
EndProject
Project("{9A19103F-16F7-4668-BE54-9A1E7A4F7556}") = "F10Y.T0011", "..\..\F10Y.T0011\source\F10Y.T0011\F10Y.T0011.csproj", "{12B8060C-8DFB-49BE-A552-C50DA8E388A7}"
EndProject
Project("{9A19103F-16F7-4668-BE54-9A1E7A4F7556}") = "F10Y.Y0000", "..\..\F10Y.Y0000\source\F10Y.Y0000\F10Y.Y0000.csproj", "{3CBC71D2-7053-4EB7-9743-C57D01C5412E}"
EndProject
Global
	GlobalSection(NestedProjects) = preSolution
		{9391BD00-DE5B-4EA9-BBF0-E987EC1B0AF3} = {EF3C07F0-ABA0-44DE-A0A6-85C3CF438FD7}
		{8DD515E4-672E-49E6-B1DB-17ABF3AD098A} = {EF3C07F0-ABA0-44DE-A0A6-85C3CF438FD7}
		{68CCA20B-545E-4CC5-8511-D63A078B477E} = {EF3C07F0-ABA0-44DE-A0A6-85C3CF438FD7}
		{579F03EB-F6AE-4964-B816-E1A3376DF75F} = {EF3C07F0-ABA0-44DE-A0A6-85C3CF438FD7}
		{52B8BE40-61E5-4BBE-AC1E-163BD7C44812} = {EF3C07F0-ABA0-44DE-A0A6-85C3CF438FD7}
		{859EBCC9-B9A5-4A29-8F3E-908FB9005F71} = {EF3C07F0-ABA0-44DE-A0A6-85C3CF438FD7}
		{8D096069-6D60-4DA6-94F8-4FC88E0F16FF} = {EF3C07F0-ABA0-44DE-A0A6-85C3CF438FD7}
		{12B8060C-8DFB-49BE-A552-C50DA8E388A7} = {EF3C07F0-ABA0-44DE-A0A6-85C3CF438FD7}
		{3CBC71D2-7053-4EB7-9743-C57D01C5412E} = {EF3C07F0-ABA0-44DE-A0A6-85C3CF438FD7}
	EndGlobalSection
	GlobalSection(SolutionConfigurationPlatforms) = preSolution
		Debug|Any CPU = Debug|Any CPU
		Release|Any CPU = Release|Any CPU
	EndGlobalSection
	GlobalSection(ProjectConfigurationPlatforms) = postSolution
		{9748946E-BCAF-467F-99F1-4C20A9DBD416}.Debug|Any CPU.ActiveCfg = Debug|Any CPU
		{9748946E-BCAF-467F-99F1-4C20A9DBD416}.Debug|Any CPU.Build.0 = Debug|Any CPU
		{9748946E-BCAF-467F-99F1-4C20A9DBD416}.Release|Any CPU.ActiveCfg = Release|Any CPU
		{9748946E-BCAF-467F-99F1-4C20A9DBD416}.Release|Any CPU.Build.0 = Release|Any CPU
		{9391BD00-DE5B-4EA9-BBF0-E987EC1B0AF3}.Debug|Any CPU.ActiveCfg = Debug|Any CPU
		{9391BD00-DE5B-4EA9-BBF0-E987EC1B0AF3}.Debug|Any CPU.Build.0 = Debug|Any CPU
		{9391BD00-DE5B-4EA9-BBF0-E987EC1B0AF3}.Release|Any CPU.ActiveCfg = Release|Any CPU
		{9391BD00-DE5B-4EA9-BBF0-E987EC1B0AF3}.Release|Any CPU.Build.0 = Release|Any CPU
		{8DD515E4-672E-49E6-B1DB-17ABF3AD098A}.Debug|Any CPU.ActiveCfg = Debug|Any CPU
		{8DD515E4-672E-49E6-B1DB-17ABF3AD098A}.Debug|Any CPU.Build.0 = Debug|Any CPU
		{8DD515E4-672E-49E6-B1DB-17ABF3AD098A}.Release|Any CPU.ActiveCfg = Release|Any CPU
		{8DD515E4-672E-49E6-B1DB-17ABF3AD098A}.Release|Any CPU.Build.0 = Release|Any CPU
		{68CCA20B-545E-4CC5-8511-D63A078B477E}.Debug|Any CPU.ActiveCfg = Debug|Any CPU
		{68CCA20B-545E-4CC5-8511-D63A078B477E}.Debug|Any CPU.Build.0 = Debug|Any CPU
		{68CCA20B-545E-4CC5-8511-D63A078B477E}.Release|Any CPU.ActiveCfg = Release|Any CPU
		{68CCA20B-545E-4CC5-8511-D63A078B477E}.Release|Any CPU.Build.0 = Release|Any CPU
		{579F03EB-F6AE-4964-B816-E1A3376DF75F}.Debug|Any CPU.ActiveCfg = Debug|Any CPU
		{579F03EB-F6AE-4964-B816-E1A3376DF75F}.Debug|Any CPU.Build.0 = Debug|Any CPU
		{579F03EB-F6AE-4964-B816-E1A3376DF75F}.Release|Any CPU.ActiveCfg = Release|Any CPU
		{579F03EB-F6AE-4964-B816-E1A3376DF75F}.Release|Any CPU.Build.0 = Release|Any CPU
		{52B8BE40-61E5-4BBE-AC1E-163BD7C44812}.Debug|Any CPU.ActiveCfg = Debug|Any CPU
		{52B8BE40-61E5-4BBE-AC1E-163BD7C44812}.Debug|Any CPU.Build.0 = Debug|Any CPU
		{52B8BE40-61E5-4BBE-AC1E-163BD7C44812}.Release|Any CPU.ActiveCfg = Release|Any CPU
		{52B8BE40-61E5-4BBE-AC1E-163BD7C44812}.Release|Any CPU.Build.0 = Release|Any CPU
		{859EBCC9-B9A5-4A29-8F3E-908FB9005F71}.Debug|Any CPU.ActiveCfg = Debug|Any CPU
		{859EBCC9-B9A5-4A29-8F3E-908FB9005F71}.Debug|Any CPU.Build.0 = Debug|Any CPU
		{859EBCC9-B9A5-4A29-8F3E-908FB9005F71}.Release|Any CPU.ActiveCfg = Release|Any CPU
		{859EBCC9-B9A5-4A29-8F3E-908FB9005F71}.Release|Any CPU.Build.0 = Release|Any CPU
		{8D096069-6D60-4DA6-94F8-4FC88E0F16FF}.Debug|Any CPU.ActiveCfg = Debug|Any CPU
		{8D096069-6D60-4DA6-94F8-4FC88E0F16FF}.Debug|Any CPU.Build.0 = Debug|Any CPU
		{8D096069-6D60-4DA6-94F8-4FC88E0F16FF}.Release|Any CPU.ActiveCfg = Release|Any CPU
		{8D096069-6D60-4DA6-94F8-4FC88E0F16FF}.Release|Any CPU.Build.0 = Release|Any CPU
		{12B8060C-8DFB-49BE-A552-C50DA8E388A7}.Debug|Any CPU.ActiveCfg = Debug|Any CPU
		{12B8060C-8DFB-49BE-A552-C50DA8E388A7}.Debug|Any CPU.Build.0 = Debug|Any CPU
		{12B8060C-8DFB-49BE-A552-C50DA8E388A7}.Release|Any CPU.ActiveCfg = Release|Any CPU
		{12B8060C-8DFB-49BE-A552-C50DA8E388A7}.Release|Any CPU.Build.0 = Release|Any CPU
		{3CBC71D2-7053-4EB7-9743-C57D01C5412E}.Debug|Any CPU.ActiveCfg = Debug|Any CPU
		{3CBC71D2-7053-4EB7-9743-C57D01C5412E}.Debug|Any CPU.Build.0 = Debug|Any CPU
		{3CBC71D2-7053-4EB7-9743-C57D01C5412E}.Release|Any CPU.ActiveCfg = Release|Any CPU
		{3CBC71D2-7053-4EB7-9743-C57D01C5412E}.Release|Any CPU.Build.0 = Release|Any CPU
	EndGlobalSection
	GlobalSection(SolutionProperties) = preSolution
		HideSolutionNode = FALSE
	EndGlobalSection
	GlobalSection(ExtensibilityGlobals) = postSolution
		SolutionGuid = {44E4757F-AE0F-4138-8E4B-6AAF106941EE}
	EndGlobalSection
EndGlobal
